
Microsoft Visual Studio Solution File, Format Version 12.00
# Visual Studio 14
VisualStudioVersion = 14.0.25420.1
MinimumVisualStudioVersion = 10.0.40219.1
Project("{FAE04EC0-301F-11D3-BF4B-00C04F79EFBC}") = "TimeKeeper", "TimeKeeper\TimeKeeper.csproj", "{3B3D5A14-0D92-4C9B-B913-0216D44131C3}"
EndProject
Project("{FAE04EC0-301F-11D3-BF4B-00C04F79EFBC}") = "TimeKeeper.Tests", "TimeKeeper.Tests\TimeKeeper.Tests.csproj", "{EC4EED40-8634-42AD-9CFC-1BD68ED002FE}"
EndProject
Global
	GlobalSection(SolutionConfigurationPlatforms) = preSolution
		Debug|Any CPU = Debug|Any CPU
		Release|Any CPU = Release|Any CPU
	EndGlobalSection
	GlobalSection(ProjectConfigurationPlatforms) = postSolution
		{3B3D5A14-0D92-4C9B-B913-0216D44131C3}.Debug|Any CPU.ActiveCfg = Debug|Any CPU
		{3B3D5A14-0D92-4C9B-B913-0216D44131C3}.Debug|Any CPU.Build.0 = Debug|Any CPU
		{3B3D5A14-0D92-4C9B-B913-0216D44131C3}.Release|Any CPU.ActiveCfg = Release|Any CPU
		{3B3D5A14-0D92-4C9B-B913-0216D44131C3}.Release|Any CPU.Build.0 = Release|Any CPU
		{EC4EED40-8634-42AD-9CFC-1BD68ED002FE}.Debug|Any CPU.ActiveCfg = Debug|Any CPU
		{EC4EED40-8634-42AD-9CFC-1BD68ED002FE}.Debug|Any CPU.Build.0 = Debug|Any CPU
		{EC4EED40-8634-42AD-9CFC-1BD68ED002FE}.Release|Any CPU.ActiveCfg = Release|Any CPU
		{EC4EED40-8634-42AD-9CFC-1BD68ED002FE}.Release|Any CPU.Build.0 = Release|Any CPU
	EndGlobalSection
	GlobalSection(SolutionProperties) = preSolution
		HideSolutionNode = FALSE
	EndGlobalSection
EndGlobal
